
Microsoft Visual Studio Solution File, Format Version 12.00
# Visual Studio Version 17
VisualStudioVersion = 17.0.31903.59
MinimumVisualStudioVersion = 10.0.40219.1
Project("{FAE04EC0-301F-11D3-BF4B-00C04F79EFBC}") = "EventWork", "EventWork\EventWork.csproj", "{D0A56524-E54A-4AF1-A17A-552A0638DEAD}"
EndProject
Project("{FAE04EC0-301F-11D3-BF4B-00C04F79EFBC}") = "ExceptionWork", "ExceptionWork\ExceptionWork.csproj", "{99B58FF7-C817-4884-9424-BF1E4BB732DB}"
EndProject
Global
	GlobalSection(SolutionConfigurationPlatforms) = preSolution
		Debug|Any CPU = Debug|Any CPU
		Release|Any CPU = Release|Any CPU
	EndGlobalSection
	GlobalSection(ProjectConfigurationPlatforms) = postSolution
		{D0A56524-E54A-4AF1-A17A-552A0638DEAD}.Debug|Any CPU.ActiveCfg = Debug|Any CPU
		{D0A56524-E54A-4AF1-A17A-552A0638DEAD}.Debug|Any CPU.Build.0 = Debug|Any CPU
		{D0A56524-E54A-4AF1-A17A-552A0638DEAD}.Release|Any CPU.ActiveCfg = Release|Any CPU
		{D0A56524-E54A-4AF1-A17A-552A0638DEAD}.Release|Any CPU.Build.0 = Release|Any CPU
		{99B58FF7-C817-4884-9424-BF1E4BB732DB}.Debug|Any CPU.ActiveCfg = Debug|Any CPU
		{99B58FF7-C817-4884-9424-BF1E4BB732DB}.Debug|Any CPU.Build.0 = Debug|Any CPU
		{99B58FF7-C817-4884-9424-BF1E4BB732DB}.Release|Any CPU.ActiveCfg = Release|Any CPU
		{99B58FF7-C817-4884-9424-BF1E4BB732DB}.Release|Any CPU.Build.0 = Release|Any CPU
	EndGlobalSection
	GlobalSection(SolutionProperties) = preSolution
		HideSolutionNode = FALSE
	EndGlobalSection
	GlobalSection(ExtensibilityGlobals) = postSolution
		SolutionGuid = {5502D46C-F99B-451D-8AB1-276DD079FF6E}
	EndGlobalSection
EndGlobal
